
Microsoft Visual Studio Solution File, Format Version 12.00
# Visual Studio Version 16
VisualStudioVersion = 16.0.31702.278
MinimumVisualStudioVersion = 10.0.40219.1
Project("{F184B08F-C81C-45F6-A57F-5ABD9991F28F}") = "Stock", "Stock\Stock.vbproj", "{E2091649-4B4A-49FE-BC9E-ACB7D39181D8}"
EndProject
Global
	GlobalSection(SolutionConfigurationPlatforms) = preSolution
		Debug|Any CPU = Debug|Any CPU
		Release|Any CPU = Release|Any CPU
	EndGlobalSection
	GlobalSection(ProjectConfigurationPlatforms) = postSolution
		{E2091649-4B4A-49FE-BC9E-ACB7D39181D8}.Debug|Any CPU.ActiveCfg = Debug|Any CPU
		{E2091649-4B4A-49FE-BC9E-ACB7D39181D8}.Debug|Any CPU.Build.0 = Debug|Any CPU
		{E2091649-4B4A-49FE-BC9E-ACB7D39181D8}.Release|Any CPU.ActiveCfg = Release|Any CPU
		{E2091649-4B4A-49FE-BC9E-ACB7D39181D8}.Release|Any CPU.Build.0 = Release|Any CPU
	EndGlobalSection
	GlobalSection(SolutionProperties) = preSolution
		HideSolutionNode = FALSE
	EndGlobalSection
	GlobalSection(ExtensibilityGlobals) = postSolution
		SolutionGuid = {094A2611-B064-44BF-A25D-9FF6ABEBD6D0}
	EndGlobalSection
EndGlobal
