
Microsoft Visual Studio Solution File, Format Version 12.00
# Visual Studio Version 16
VisualStudioVersion = 16.0.31702.278
MinimumVisualStudioVersion = 10.0.40219.1
Project("{F184B08F-C81C-45F6-A57F-5ABD9991F28F}") = "ejercicio01_PerezSara", "ejercicio01_PerezSara\ejercicio01_PerezSara.vbproj", "{563C4D57-48C5-49D7-A5F7-F62A519702F5}"
EndProject
Global
	GlobalSection(SolutionConfigurationPlatforms) = preSolution
		Debug|Any CPU = Debug|Any CPU
		Release|Any CPU = Release|Any CPU
	EndGlobalSection
	GlobalSection(ProjectConfigurationPlatforms) = postSolution
		{563C4D57-48C5-49D7-A5F7-F62A519702F5}.Debug|Any CPU.ActiveCfg = Debug|Any CPU
		{563C4D57-48C5-49D7-A5F7-F62A519702F5}.Debug|Any CPU.Build.0 = Debug|Any CPU
		{563C4D57-48C5-49D7-A5F7-F62A519702F5}.Release|Any CPU.ActiveCfg = Release|Any CPU
		{563C4D57-48C5-49D7-A5F7-F62A519702F5}.Release|Any CPU.Build.0 = Release|Any CPU
	EndGlobalSection
	GlobalSection(SolutionProperties) = preSolution
		HideSolutionNode = FALSE
	EndGlobalSection
	GlobalSection(ExtensibilityGlobals) = postSolution
		SolutionGuid = {CF6B5FA2-DCB3-4AD7-A689-65C2279DC0DF}
	EndGlobalSection
EndGlobal
